
Microsoft Visual Studio Solution File, Format Version 12.00
# Visual Studio Version 17
VisualStudioVersion = 17.5.33516.290
MinimumVisualStudioVersion = 10.0.40219.1
Project("{9A19103F-16F7-4668-BE54-9A1E7A4F7556}") = "BankLibraryTests", "BankLibraryTests\BankLibraryTests.csproj", "{78B21AD5-D84A-4DF2-80CE-8DDDB60C4A19}"
EndProject
Project("{FAE04EC0-301F-11D3-BF4B-00C04F79EFBC}") = "BankLibrary", "BankLibrary\BankLibrary.csproj", "{626430BA-24D3-469A-A295-C9FAA5CAE2D1}"
EndProject
Global
	GlobalSection(SolutionConfigurationPlatforms) = preSolution
		Debug|Any CPU = Debug|Any CPU
		Release|Any CPU = Release|Any CPU
	EndGlobalSection
	GlobalSection(ProjectConfigurationPlatforms) = postSolution
		{78B21AD5-D84A-4DF2-80CE-8DDDB60C4A19}.Debug|Any CPU.ActiveCfg = Debug|Any CPU
		{78B21AD5-D84A-4DF2-80CE-8DDDB60C4A19}.Debug|Any CPU.Build.0 = Debug|Any CPU
		{78B21AD5-D84A-4DF2-80CE-8DDDB60C4A19}.Release|Any CPU.ActiveCfg = Release|Any CPU
		{78B21AD5-D84A-4DF2-80CE-8DDDB60C4A19}.Release|Any CPU.Build.0 = Release|Any CPU
		{626430BA-24D3-469A-A295-C9FAA5CAE2D1}.Debug|Any CPU.ActiveCfg = Debug|Any CPU
		{626430BA-24D3-469A-A295-C9FAA5CAE2D1}.Debug|Any CPU.Build.0 = Debug|Any CPU
		{626430BA-24D3-469A-A295-C9FAA5CAE2D1}.Release|Any CPU.ActiveCfg = Release|Any CPU
		{626430BA-24D3-469A-A295-C9FAA5CAE2D1}.Release|Any CPU.Build.0 = Release|Any CPU
	EndGlobalSection
	GlobalSection(SolutionProperties) = preSolution
		HideSolutionNode = FALSE
	EndGlobalSection
	GlobalSection(ExtensibilityGlobals) = postSolution
		SolutionGuid = {21706CDD-FEB7-468A-8FD0-ECBBB3AD3E31}
	EndGlobalSection
EndGlobal
